{
  "name": "dash-formulaone-2021",
  "version": "0.0.1",
  "lockfileVersion": 1,
  "requires": true,
  "dependencies": {
    "binary-parser": {
      "version": "2.0.2",
      "resolved": "https://registry.npmjs.org/binary-parser/-/binary-parser-2.0.2.tgz",
      "integrity": "sha512-F2JeaLmExQ0vOEbS5ERzkxePKWTPqJPV6Z04/owaXMQLlW1Kt9v2gUz3SocR40JQGtrUeZu3j6prZDeuEG8Dng=="
    },
    "f1-2021-udp": {
      "version": "1.12.5",
      "resolved": "https://registry.npmjs.org/f1-2021-udp/-/f1-2021-udp-1.12.5.tgz",
      "integrity": "sha512-6bG9Qij0WA7D/w57COINxa7aSR9csAMEZOtSp5WDlnD7izHWjmpVV4EnctnntuEkXY8HdposHgk5whgel0w3uw==",
      "requires": {
        "binary-parser": "^2.0.1"
      }
    }
  }
}
